
Microsoft Visual Studio Solution File, Format Version 12.00
# Visual Studio Version 17
VisualStudioVersion = 17.11.35327.3
MinimumVisualStudioVersion = 10.0.40219.1
Project("{FAE04EC0-301F-11D3-BF4B-00C04F79EFBC}") = "FourPs Information System", "FourPs Information System\FourPs Information System.csproj", "{AB84FFBF-16DF-42F8-9CFC-AA26D954DF29}"
EndProject
Global
	GlobalSection(SolutionConfigurationPlatforms) = preSolution
		Debug|Any CPU = Debug|Any CPU
		Release|Any CPU = Release|Any CPU
	EndGlobalSection
	GlobalSection(ProjectConfigurationPlatforms) = postSolution
		{AB84FFBF-16DF-42F8-9CFC-AA26D954DF29}.Debug|Any CPU.ActiveCfg = Debug|Any CPU
		{AB84FFBF-16DF-42F8-9CFC-AA26D954DF29}.Debug|Any CPU.Build.0 = Debug|Any CPU
		{AB84FFBF-16DF-42F8-9CFC-AA26D954DF29}.Release|Any CPU.ActiveCfg = Release|Any CPU
		{AB84FFBF-16DF-42F8-9CFC-AA26D954DF29}.Release|Any CPU.Build.0 = Release|Any CPU
	EndGlobalSection
	GlobalSection(SolutionProperties) = preSolution
		HideSolutionNode = FALSE
	EndGlobalSection
	GlobalSection(ExtensibilityGlobals) = postSolution
		SolutionGuid = {2211A9F7-74E6-4CAD-9778-D5D559A601CF}
	EndGlobalSection
EndGlobal
